// !$*UTF8*$!
{
	archiveVersion = 1;
	classes = {
	};
	objectVersion = 55;
	objects = {

/* Begin PBXBuildFile section */
		898CB5D528DB569200DD6582 /* PeopleViewModel.swift in Sources */ = {isa = PBXBuildFile; fileRef = 898CB5D428DB569200DD6582 /* PeopleViewModel.swift */; };
		898CB5D728DB5AA300DD6582 /* DetailViewModel.swift in Sources */ = {isa = PBXBuildFile; fileRef = 898CB5D628DB5AA300DD6582 /* DetailViewModel.swift */; };
		898CB5D928DB7C1800DD6582 /* NewPerson.swift in Sources */ = {isa = PBXBuildFile; fileRef = 898CB5D828DB7C1800DD6582 /* NewPerson.swift */; };
		898CB5DB28DB7C8600DD6582 /* CreateViewModel.swift in Sources */ = {isa = PBXBuildFile; fileRef = 898CB5DA28DB7C8600DD6582 /* CreateViewModel.swift */; };
		898CB5DD28DBAC9100DD6582 /* CheckMarkView.swift in Sources */ = {isa = PBXBuildFile; fileRef = 898CB5DC28DBAC9100DD6582 /* CheckMarkView.swift */; };
		89C35EFC28DA26FF002D3805 /* PeopleApp.swift in Sources */ = {isa = PBXBuildFile; fileRef = 89C35EFB28DA26FF002D3805 /* PeopleApp.swift */; };
		89C35F0028DA2701002D3805 /* Assets.xcassets in Resources */ = {isa = PBXBuildFile; fileRef = 89C35EFF28DA2701002D3805 /* Assets.xcassets */; };
		89C35F0328DA2701002D3805 /* Preview Assets.xcassets in Resources */ = {isa = PBXBuildFile; fileRef = 89C35F0228DA2701002D3805 /* Preview Assets.xcassets */; };
		89C35F0B28DA2774002D3805 /* Symbols.swift in Sources */ = {isa = PBXBuildFile; fileRef = 89C35F0A28DA2774002D3805 /* Symbols.swift */; };
		89C35F0D28DA295C002D3805 /* Theme.swift in Sources */ = {isa = PBXBuildFile; fileRef = 89C35F0C28DA295C002D3805 /* Theme.swift */; };
		89C35F2128DA5349002D3805 /* UsersStaticData.json in Resources */ = {isa = PBXBuildFile; fileRef = 89C35F2028DA5349002D3805 /* UsersStaticData.json */; };
		89C35F2328DA5384002D3805 /* SingleUserData.json in Resources */ = {isa = PBXBuildFile; fileRef = 89C35F2228DA5384002D3805 /* SingleUserData.json */; };
		89C35F2528DA542E002D3805 /* UserDetailResponse.swift in Sources */ = {isa = PBXBuildFile; fileRef = 89C35F2428DA542E002D3805 /* UserDetailResponse.swift */; };
		89C35F2728DA5479002D3805 /* UsersResponse.swift in Sources */ = {isa = PBXBuildFile; fileRef = 89C35F2628DA5479002D3805 /* UsersResponse.swift */; };
		89C35F2A28DA54F5002D3805 /* Models.swift in Sources */ = {isa = PBXBuildFile; fileRef = 89C35F2928DA54F5002D3805 /* Models.swift */; };
		89C35F2D28DA55B3002D3805 /* StaticJSONMapper.swift in Sources */ = {isa = PBXBuildFile; fileRef = 89C35F2C28DA55B3002D3805 /* StaticJSONMapper.swift */; };
		89C35F2F28DB0429002D3805 /* PeopleView.swift in Sources */ = {isa = PBXBuildFile; fileRef = 89C35F2E28DB0428002D3805 /* PeopleView.swift */; };
		89C35F3128DB0D34002D3805 /* PersonItemView.swift in Sources */ = {isa = PBXBuildFile; fileRef = 89C35F3028DB0D34002D3805 /* PersonItemView.swift */; };
		89C35F3428DB0E57002D3805 /* PillView.swift in Sources */ = {isa = PBXBuildFile; fileRef = 89C35F3328DB0E57002D3805 /* PillView.swift */; };
		89C35F3628DB1ACD002D3805 /* DetailView.swift in Sources */ = {isa = PBXBuildFile; fileRef = 89C35F3528DB1ACD002D3805 /* DetailView.swift */; };
		89C35F3828DB3697002D3805 /* CreateView.swift in Sources */ = {isa = PBXBuildFile; fileRef = 89C35F3728DB3697002D3805 /* CreateView.swift */; };
		89C35F3B28DB3DD9002D3805 /* NetworkingManager.swift in Sources */ = {isa = PBXBuildFile; fileRef = 89C35F3A28DB3DD8002D3805 /* NetworkingManager.swift */; };
/* End PBXBuildFile section */

/* Begin PBXFileReference section */
		898CB5D428DB569200DD6582 /* PeopleViewModel.swift */ = {isa = PBXFileReference; lastKnownFileType = sourcecode.swift; path = PeopleViewModel.swift; sourceTree = "<group>"; };
		898CB5D628DB5AA300DD6582 /* DetailViewModel.swift */ = {isa = PBXFileReference; lastKnownFileType = sourcecode.swift; path = DetailViewModel.swift; sourceTree = "<group>"; };
		898CB5D828DB7C1800DD6582 /* NewPerson.swift */ = {isa = PBXFileReference; lastKnownFileType = sourcecode.swift; path = NewPerson.swift; sourceTree = "<group>"; };
		898CB5DA28DB7C8600DD6582 /* CreateViewModel.swift */ = {isa = PBXFileReference; lastKnownFileType = sourcecode.swift; path = CreateViewModel.swift; sourceTree = "<group>"; };
		898CB5DC28DBAC9100DD6582 /* CheckMarkView.swift */ = {isa = PBXFileReference; lastKnownFileType = sourcecode.swift; path = CheckMarkView.swift; sourceTree = "<group>"; };
		89C35EF828DA26FF002D3805 /* People.app */ = {isa = PBXFileReference; explicitFileType = wrapper.application; includeInIndex = 0; path = People.app; sourceTree = BUILT_PRODUCTS_DIR; };
		89C35EFB28DA26FF002D3805 /* PeopleApp.swift */ = {isa = PBXFileReference; lastKnownFileType = sourcecode.swift; path = PeopleApp.swift; sourceTree = "<group>"; };
		89C35EFF28DA2701002D3805 /* Assets.xcassets */ = {isa = PBXFileReference; lastKnownFileType = folder.assetcatalog; path = Assets.xcassets; sourceTree = "<group>"; };
		89C35F0228DA2701002D3805 /* Preview Assets.xcassets */ = {isa = PBXFileReference; lastKnownFileType = folder.assetcatalog; path = "Preview Assets.xcassets"; sourceTree = "<group>"; };
		89C35F0A28DA2774002D3805 /* Symbols.swift */ = {isa = PBXFileReference; lastKnownFileType = sourcecode.swift; path = Symbols.swift; sourceTree = "<group>"; };
		89C35F0C28DA295C002D3805 /* Theme.swift */ = {isa = PBXFileReference; lastKnownFileType = sourcecode.swift; path = Theme.swift; sourceTree = "<group>"; };
		89C35F1E28DA3351002D3805 /* Info.plist */ = {isa = PBXFileReference; lastKnownFileType = text.plist; path = Info.plist; sourceTree = "<group>"; };
		89C35F2028DA5349002D3805 /* UsersStaticData.json */ = {isa = PBXFileReference; lastKnownFileType = text.json; path = UsersStaticData.json; sourceTree = "<group>"; };
		89C35F2228DA5384002D3805 /* SingleUserData.json */ = {isa = PBXFileReference; lastKnownFileType = text.json; path = SingleUserData.json; sourceTree = "<group>"; };
		89C35F2428DA542E002D3805 /* UserDetailResponse.swift */ = {isa = PBXFileReference; lastKnownFileType = sourcecode.swift; path = UserDetailResponse.swift; sourceTree = "<group>"; };
		89C35F2628DA5479002D3805 /* UsersResponse.swift */ = {isa = PBXFileReference; lastKnownFileType = sourcecode.swift; path = UsersResponse.swift; sourceTree = "<group>"; };
		89C35F2928DA54F5002D3805 /* Models.swift */ = {isa = PBXFileReference; lastKnownFileType = sourcecode.swift; path = Models.swift; sourceTree = "<group>"; };
		89C35F2C28DA55B3002D3805 /* StaticJSONMapper.swift */ = {isa = PBXFileReference; lastKnownFileType = sourcecode.swift; path = StaticJSONMapper.swift; sourceTree = "<group>"; };
		89C35F2E28DB0428002D3805 /* PeopleView.swift */ = {isa = PBXFileReference; lastKnownFileType = sourcecode.swift; path = PeopleView.swift; sourceTree = "<group>"; };
		89C35F3028DB0D34002D3805 /* PersonItemView.swift */ = {isa = PBXFileReference; lastKnownFileType = sourcecode.swift; path = PersonItemView.swift; sourceTree = "<group>"; };
		89C35F3328DB0E57002D3805 /* PillView.swift */ = {isa = PBXFileReference; lastKnownFileType = sourcecode.swift; path = PillView.swift; sourceTree = "<group>"; };
		89C35F3528DB1ACD002D3805 /* DetailView.swift */ = {isa = PBXFileReference; lastKnownFileType = sourcecode.swift; path = DetailView.swift; sourceTree = "<group>"; };
		89C35F3728DB3697002D3805 /* CreateView.swift */ = {isa = PBXFileReference; lastKnownFileType = sourcecode.swift; path = CreateView.swift; sourceTree = "<group>"; };
		89C35F3A28DB3DD8002D3805 /* NetworkingManager.swift */ = {isa = PBXFileReference; lastKnownFileType = sourcecode.swift; path = NetworkingManager.swift; sourceTree = "<group>"; };
/* End PBXFileReference section */

/* Begin PBXFrameworksBuildPhase section */
		89C35EF528DA26FF002D3805 /* Frameworks */ = {
			isa = PBXFrameworksBuildPhase;
			buildActionMask = 2147483647;
			files = (
			);
			runOnlyForDeploymentPostprocessing = 0;
		};
/* End PBXFrameworksBuildPhase section */

/* Begin PBXGroup section */
		89C35EEF28DA26FF002D3805 = {
			isa = PBXGroup;
			children = (
				89C35EFA28DA26FF002D3805 /* People */,
				89C35EF928DA26FF002D3805 /* Products */,
			);
			sourceTree = "<group>";
		};
		89C35EF928DA26FF002D3805 /* Products */ = {
			isa = PBXGroup;
			children = (
				89C35EF828DA26FF002D3805 /* People.app */,
			);
			name = Products;
			sourceTree = "<group>";
		};
		89C35EFA28DA26FF002D3805 /* People */ = {
			isa = PBXGroup;
			children = (
				89C35F1E28DA3351002D3805 /* Info.plist */,
				89C35F0F28DA3048002D3805 /* Features */,
				89C35F0E28DA3041002D3805 /* Base */,
				89C35F0928DA2718002D3805 /* Resources */,
				89C35EFB28DA26FF002D3805 /* PeopleApp.swift */,
				89C35EFF28DA2701002D3805 /* Assets.xcassets */,
				89C35F0128DA2701002D3805 /* Preview Content */,
			);
			path = People;
			sourceTree = "<group>";
		};
		89C35F0128DA2701002D3805 /* Preview Content */ = {
			isa = PBXGroup;
			children = (
				89C35F0228DA2701002D3805 /* Preview Assets.xcassets */,
			);
			path = "Preview Content";
			sourceTree = "<group>";
		};
		89C35F0928DA2718002D3805 /* Resources */ = {
			isa = PBXGroup;
			children = (
				89C35F1F28DA5310002D3805 /* JSON */,
				89C35F0A28DA2774002D3805 /* Symbols.swift */,
				89C35F0C28DA295C002D3805 /* Theme.swift */,
			);
			path = Resources;
			sourceTree = "<group>";
		};
		89C35F0E28DA3041002D3805 /* Base */ = {
			isa = PBXGroup;
			children = (
				89C35F3928DB3DC3002D3805 /* API */,
				89C35F3228DB0E44002D3805 /* Views */,
				89C35F2B28DA55A2002D3805 /* Mapper */,
				89C35F2828DA54E8002D3805 /* Models */,
			);
			path = Base;
			sourceTree = "<group>";
		};
		89C35F0F28DA3048002D3805 /* Features */ = {
			isa = PBXGroup;
			children = (
				89C35F1328DA3064002D3805 /* Setting */,
				89C35F1228DA305B002D3805 /* Detail */,
				89C35F1128DA3054002D3805 /* Create */,
				89C35F1028DA304F002D3805 /* People */,
			);
			path = Features;
			sourceTree = "<group>";
		};
		89C35F1028DA304F002D3805 /* People */ = {
			isa = PBXGroup;
			children = (
				89C35F1628DA3077002D3805 /* ViewModels */,
				89C35F1528DA3070002D3805 /* Models */,
				89C35F1428DA306B002D3805 /* Views */,
			);
			path = People;
			sourceTree = "<group>";
		};
		89C35F1128DA3054002D3805 /* Create */ = {
			isa = PBXGroup;
			children = (
				89C35F1D28DA3103002D3805 /* Models */,
				89C35F1C28DA30FD002D3805 /* ViewModels */,
				89C35F1B28DA30F8002D3805 /* Views */,
			);
			path = Create;
			sourceTree = "<group>";
		};
		89C35F1228DA305B002D3805 /* Detail */ = {
			isa = PBXGroup;
			children = (
				89C35F1A28DA30EA002D3805 /* ViewModels */,
				89C35F1928DA30E2002D3805 /* Models */,
				89C35F1828DA30DB002D3805 /* Views */,
			);
			path = Detail;
			sourceTree = "<group>";
		};
		89C35F1328DA3064002D3805 /* Setting */ = {
			isa = PBXGroup;
			children = (
				89C35F1728DA30D1002D3805 /* Views */,
			);
			path = Setting;
			sourceTree = "<group>";
		};
		89C35F1428DA306B002D3805 /* Views */ = {
			isa = PBXGroup;
			children = (
				89C35F2E28DB0428002D3805 /* PeopleView.swift */,
				89C35F3028DB0D34002D3805 /* PersonItemView.swift */,
			);
			path = Views;
			sourceTree = "<group>";
		};
		89C35F1528DA3070002D3805 /* Models */ = {
			isa = PBXGroup;
			children = (
				89C35F2628DA5479002D3805 /* UsersResponse.swift */,
			);
			path = Models;
			sourceTree = "<group>";
		};
		89C35F1628DA3077002D3805 /* ViewModels */ = {
			isa = PBXGroup;
			children = (
				898CB5D428DB569200DD6582 /* PeopleViewModel.swift */,
			);
			path = ViewModels;
			sourceTree = "<group>";
		};
		89C35F1728DA30D1002D3805 /* Views */ = {
			isa = PBXGroup;
			children = (
			);
			path = Views;
			sourceTree = "<group>";
		};
		89C35F1828DA30DB002D3805 /* Views */ = {
			isa = PBXGroup;
			children = (
				89C35F3528DB1ACD002D3805 /* DetailView.swift */,
			);
			path = Views;
			sourceTree = "<group>";
		};
		89C35F1928DA30E2002D3805 /* Models */ = {
			isa = PBXGroup;
			children = (
				89C35F2428DA542E002D3805 /* UserDetailResponse.swift */,
			);
			path = Models;
			sourceTree = "<group>";
		};
		89C35F1A28DA30EA002D3805 /* ViewModels */ = {
			isa = PBXGroup;
			children = (
				898CB5D628DB5AA300DD6582 /* DetailViewModel.swift */,
			);
			path = ViewModels;
			sourceTree = "<group>";
		};
		89C35F1B28DA30F8002D3805 /* Views */ = {
			isa = PBXGroup;
			children = (
				89C35F3728DB3697002D3805 /* CreateView.swift */,
			);
			path = Views;
			sourceTree = "<group>";
		};
		89C35F1C28DA30FD002D3805 /* ViewModels */ = {
			isa = PBXGroup;
			children = (
				898CB5DA28DB7C8600DD6582 /* CreateViewModel.swift */,
			);
			path = ViewModels;
			sourceTree = "<group>";
		};
		89C35F1D28DA3103002D3805 /* Models */ = {
			isa = PBXGroup;
			children = (
				898CB5D828DB7C1800DD6582 /* NewPerson.swift */,
			);
			path = Models;
			sourceTree = "<group>";
		};
		89C35F1F28DA5310002D3805 /* JSON */ = {
			isa = PBXGroup;
			children = (
				89C35F2028DA5349002D3805 /* UsersStaticData.json */,
				89C35F2228DA5384002D3805 /* SingleUserData.json */,
			);
			path = JSON;
			sourceTree = "<group>";
		};
		89C35F2828DA54E8002D3805 /* Models */ = {
			isa = PBXGroup;
			children = (
				89C35F2928DA54F5002D3805 /* Models.swift */,
			);
			path = Models;
			sourceTree = "<group>";
		};
		89C35F2B28DA55A2002D3805 /* Mapper */ = {
			isa = PBXGroup;
			children = (
				89C35F2C28DA55B3002D3805 /* StaticJSONMapper.swift */,
			);
			path = Mapper;
			sourceTree = "<group>";
		};
		89C35F3228DB0E44002D3805 /* Views */ = {
			isa = PBXGroup;
			children = (
				89C35F3328DB0E57002D3805 /* PillView.swift */,
				898CB5DC28DBAC9100DD6582 /* CheckMarkView.swift */,
			);
			path = Views;
			sourceTree = "<group>";
		};
		89C35F3928DB3DC3002D3805 /* API */ = {
			isa = PBXGroup;
			children = (
				89C35F3A28DB3DD8002D3805 /* NetworkingManager.swift */,
			);
			path = API;
			sourceTree = "<group>";
		};
/* End PBXGroup section */

/* Begin PBXNativeTarget section */
		89C35EF728DA26FF002D3805 /* People */ = {
			isa = PBXNativeTarget;
			buildConfigurationList = 89C35F0628DA2701002D3805 /* Build configuration list for PBXNativeTarget "People" */;
			buildPhases = (
				89C35EF428DA26FF002D3805 /* Sources */,
				89C35EF528DA26FF002D3805 /* Frameworks */,
				89C35EF628DA26FF002D3805 /* Resources */,
			);
			buildRules = (
			);
			dependencies = (
			);
			name = People;
			productName = People;
			productReference = 89C35EF828DA26FF002D3805 /* People.app */;
			productType = "com.apple.product-type.application";
		};
/* End PBXNativeTarget section */

/* Begin PBXProject section */
		89C35EF028DA26FF002D3805 /* Project object */ = {
			isa = PBXProject;
			attributes = {
				BuildIndependentTargetsInParallel = 1;
				LastSwiftUpdateCheck = 1320;
				LastUpgradeCheck = 1320;
				TargetAttributes = {
					89C35EF728DA26FF002D3805 = {
						CreatedOnToolsVersion = 13.2.1;
					};
				};
			};
			buildConfigurationList = 89C35EF328DA26FF002D3805 /* Build configuration list for PBXProject "People" */;
			compatibilityVersion = "Xcode 13.0";
			developmentRegion = en;
			hasScannedForEncodings = 0;
			knownRegions = (
				en,
				Base,
			);
			mainGroup = 89C35EEF28DA26FF002D3805;
			productRefGroup = 89C35EF928DA26FF002D3805 /* Products */;
			projectDirPath = "";
			projectRoot = "";
			targets = (
				89C35EF728DA26FF002D3805 /* People */,
			);
		};
/* End PBXProject section */

/* Begin PBXResourcesBuildPhase section */
		89C35EF628DA26FF002D3805 /* Resources */ = {
			isa = PBXResourcesBuildPhase;
			buildActionMask = 2147483647;
			files = (
				89C35F0328DA2701002D3805 /* Preview Assets.xcassets in Resources */,
				89C35F0028DA2701002D3805 /* Assets.xcassets in Resources */,
				89C35F2328DA5384002D3805 /* SingleUserData.json in Resources */,
				89C35F2128DA5349002D3805 /* UsersStaticData.json in Resources */,
			);
			runOnlyForDeploymentPostprocessing = 0;
		};
/* End PBXResourcesBuildPhase section */

/* Begin PBXSourcesBuildPhase section */
		89C35EF428DA26FF002D3805 /* Sources */ = {
			isa = PBXSourcesBuildPhase;
			buildActionMask = 2147483647;
			files = (
				89C35F2D28DA55B3002D3805 /* StaticJSONMapper.swift in Sources */,
				89C35F3428DB0E57002D3805 /* PillView.swift in Sources */,
				89C35F0B28DA2774002D3805 /* Symbols.swift in Sources */,
				898CB5DB28DB7C8600DD6582 /* CreateViewModel.swift in Sources */,
				89C35F2F28DB0429002D3805 /* PeopleView.swift in Sources */,
				89C35F0D28DA295C002D3805 /* Theme.swift in Sources */,
				898CB5DD28DBAC9100DD6582 /* CheckMarkView.swift in Sources */,
				89C35F3628DB1ACD002D3805 /* DetailView.swift in Sources */,
				89C35F2528DA542E002D3805 /* UserDetailResponse.swift in Sources */,
				89C35EFC28DA26FF002D3805 /* PeopleApp.swift in Sources */,
				89C35F3B28DB3DD9002D3805 /* NetworkingManager.swift in Sources */,
				89C35F2728DA5479002D3805 /* UsersResponse.swift in Sources */,
				89C35F3128DB0D34002D3805 /* PersonItemView.swift in Sources */,
				898CB5D928DB7C1800DD6582 /* NewPerson.swift in Sources */,
				898CB5D528DB569200DD6582 /* PeopleViewModel.swift in Sources */,
				89C35F3828DB3697002D3805 /* CreateView.swift in Sources */,
				898CB5D728DB5AA300DD6582 /* DetailViewModel.swift in Sources */,
				89C35F2A28DA54F5002D3805 /* Models.swift in Sources */,
			);
			runOnlyForDeploymentPostprocessing = 0;
		};
/* End PBXSourcesBuildPhase section */

/* Begin XCBuildConfiguration section */
		89C35F0428DA2701002D3805 /* Debug */ = {
			isa = XCBuildConfiguration;
			buildSettings = {
				ALWAYS_SEARCH_USER_PATHS = NO;
				CLANG_ANALYZER_NONNULL = YES;
				CLANG_ANALYZER_NUMBER_OBJECT_CONVERSION = YES_AGGRESSIVE;
				CLANG_CXX_LANGUAGE_STANDARD = "gnu++17";
				CLANG_CXX_LIBRARY = "libc++";
				CLANG_ENABLE_MODULES = YES;
				CLANG_ENABLE_OBJC_ARC = YES;
				CLANG_ENABLE_OBJC_WEAK = YES;
				CLANG_WARN_BLOCK_CAPTURE_AUTORELEASING = YES;
				CLANG_WARN_BOOL_CONVERSION = YES;
				CLANG_WARN_COMMA = YES;
				CLANG_WARN_CONSTANT_CONVERSION = YES;
				CLANG_WARN_DEPRECATED_OBJC_IMPLEMENTATIONS = YES;
				CLANG_WARN_DIRECT_OBJC_ISA_USAGE = YES_ERROR;
				CLANG_WARN_DOCUMENTATION_COMMENTS = YES;
				CLANG_WARN_EMPTY_BODY = YES;
				CLANG_WARN_ENUM_CONVERSION = YES;
				CLANG_WARN_INFINITE_RECURSION = YES;
				CLANG_WARN_INT_CONVERSION = YES;
				CLANG_WARN_NON_LITERAL_NULL_CONVERSION = YES;
				CLANG_WARN_OBJC_IMPLICIT_RETAIN_SELF = YES;
				CLANG_WARN_OBJC_LITERAL_CONVERSION = YES;
				CLANG_WARN_OBJC_ROOT_CLASS = YES_ERROR;
				CLANG_WARN_QUOTED_INCLUDE_IN_FRAMEWORK_HEADER = YES;
				CLANG_WARN_RANGE_LOOP_ANALYSIS = YES;
				CLANG_WARN_STRICT_PROTOTYPES = YES;
				CLANG_WARN_SUSPICIOUS_MOVE = YES;
				CLANG_WARN_UNGUARDED_AVAILABILITY = YES_AGGRESSIVE;
				CLANG_WARN_UNREACHABLE_CODE = YES;
				CLANG_WARN__DUPLICATE_METHOD_MATCH = YES;
				COPY_PHASE_STRIP = NO;
				DEBUG_INFORMATION_FORMAT = dwarf;
				ENABLE_STRICT_OBJC_MSGSEND = YES;
				ENABLE_TESTABILITY = YES;
				GCC_C_LANGUAGE_STANDARD = gnu11;
				GCC_DYNAMIC_NO_PIC = NO;
				GCC_NO_COMMON_BLOCKS = YES;
				GCC_OPTIMIZATION_LEVEL = 0;
				GCC_PREPROCESSOR_DEFINITIONS = (
					"DEBUG=1",
					"$(inherited)",
				);
				GCC_WARN_64_TO_32_BIT_CONVERSION = YES;
				GCC_WARN_ABOUT_RETURN_TYPE = YES_ERROR;
				GCC_WARN_UNDECLARED_SELECTOR = YES;
				GCC_WARN_UNINITIALIZED_AUTOS = YES_AGGRESSIVE;
				GCC_WARN_UNUSED_FUNCTION = YES;
				GCC_WARN_UNUSED_VARIABLE = YES;
				IPHONEOS_DEPLOYMENT_TARGET = 15.2;
				MTL_ENABLE_DEBUG_INFO = INCLUDE_SOURCE;
				MTL_FAST_MATH = YES;
				ONLY_ACTIVE_ARCH = YES;
				SDKROOT = iphoneos;
				SWIFT_ACTIVE_COMPILATION_CONDITIONS = DEBUG;
				SWIFT_OPTIMIZATION_LEVEL = "-Onone";
			};
			name = Debug;
		};
		89C35F0528DA2701002D3805 /* Release */ = {
			isa = XCBuildConfiguration;
			buildSettings = {
				ALWAYS_SEARCH_USER_PATHS = NO;
				CLANG_ANALYZER_NONNULL = YES;
				CLANG_ANALYZER_NUMBER_OBJECT_CONVERSION = YES_AGGRESSIVE;
				CLANG_CXX_LANGUAGE_STANDARD = "gnu++17";
				CLANG_CXX_LIBRARY = "libc++";
				CLANG_ENABLE_MODULES = YES;
				CLANG_ENABLE_OBJC_ARC = YES;
				CLANG_ENABLE_OBJC_WEAK = YES;
				CLANG_WARN_BLOCK_CAPTURE_AUTORELEASING = YES;
				CLANG_WARN_BOOL_CONVERSION = YES;
				CLANG_WARN_COMMA = YES;
				CLANG_WARN_CONSTANT_CONVERSION = YES;
				CLANG_WARN_DEPRECATED_OBJC_IMPLEMENTATIONS = YES;
				CLANG_WARN_DIRECT_OBJC_ISA_USAGE = YES_ERROR;
				CLANG_WARN_DOCUMENTATION_COMMENTS = YES;
				CLANG_WARN_EMPTY_BODY = YES;
				CLANG_WARN_ENUM_CONVERSION = YES;
				CLANG_WARN_INFINITE_RECURSION = YES;
				CLANG_WARN_INT_CONVERSION = YES;
				CLANG_WARN_NON_LITERAL_NULL_CONVERSION = YES;
				CLANG_WARN_OBJC_IMPLICIT_RETAIN_SELF = YES;
				CLANG_WARN_OBJC_LITERAL_CONVERSION = YES;
				CLANG_WARN_OBJC_ROOT_CLASS = YES_ERROR;
				CLANG_WARN_QUOTED_INCLUDE_IN_FRAMEWORK_HEADER = YES;
				CLANG_WARN_RANGE_LOOP_ANALYSIS = YES;
				CLANG_WARN_STRICT_PROTOTYPES = YES;
				CLANG_WARN_SUSPICIOUS_MOVE = YES;
				CLANG_WARN_UNGUARDED_AVAILABILITY = YES_AGGRESSIVE;
				CLANG_WARN_UNREACHABLE_CODE = YES;
				CLANG_WARN__DUPLICATE_METHOD_MATCH = YES;
				COPY_PHASE_STRIP = NO;
				DEBUG_INFORMATION_FORMAT = "dwarf-with-dsym";
				ENABLE_NS_ASSERTIONS = NO;
				ENABLE_STRICT_OBJC_MSGSEND = YES;
				GCC_C_LANGUAGE_STANDARD = gnu11;
				GCC_NO_COMMON_BLOCKS = YES;
				GCC_WARN_64_TO_32_BIT_CONVERSION = YES;
				GCC_WARN_ABOUT_RETURN_TYPE = YES_ERROR;
				GCC_WARN_UNDECLARED_SELECTOR = YES;
				GCC_WARN_UNINITIALIZED_AUTOS = YES_AGGRESSIVE;
				GCC_WARN_UNUSED_FUNCTION = YES;
				GCC_WARN_UNUSED_VARIABLE = YES;
				IPHONEOS_DEPLOYMENT_TARGET = 15.2;
				MTL_ENABLE_DEBUG_INFO = NO;
				MTL_FAST_MATH = YES;
				SDKROOT = iphoneos;
				SWIFT_COMPILATION_MODE = wholemodule;
				SWIFT_OPTIMIZATION_LEVEL = "-O";
				VALIDATE_PRODUCT = YES;
			};
			name = Release;
		};
		89C35F0728DA2701002D3805 /* Debug */ = {
			isa = XCBuildConfiguration;
			buildSettings = {
				ASSETCATALOG_COMPILER_APPICON_NAME = AppIcon;
				ASSETCATALOG_COMPILER_GLOBAL_ACCENT_COLOR_NAME = AccentColor;
				CODE_SIGN_STYLE = Automatic;
				CURRENT_PROJECT_VERSION = 1;
				DEVELOPMENT_ASSET_PATHS = "\"People/Preview Content\"";
				ENABLE_PREVIEWS = YES;
				GENERATE_INFOPLIST_FILE = YES;
				INFOPLIST_FILE = People/Info.plist;
				INFOPLIST_KEY_UIApplicationSceneManifest_Generation = YES;
				INFOPLIST_KEY_UIApplicationSupportsIndirectInputEvents = YES;
				INFOPLIST_KEY_UISupportedInterfaceOrientations_iPad = "UIInterfaceOrientationPortrait UIInterfaceOrientationPortraitUpsideDown UIInterfaceOrientationLandscapeLeft UIInterfaceOrientationLandscapeRight";
				INFOPLIST_KEY_UISupportedInterfaceOrientations_iPhone = "UIInterfaceOrientationPortrait UIInterfaceOrientationLandscapeLeft UIInterfaceOrientationLandscapeRight";
				LD_RUNPATH_SEARCH_PATHS = (
					"$(inherited)",
					"@executable_path/Frameworks",
				);
				MARKETING_VERSION = 1.0;
				PRODUCT_BUNDLE_IDENTIFIER = mbayi.People;
				PRODUCT_NAME = "$(TARGET_NAME)";
				SWIFT_EMIT_LOC_STRINGS = YES;
				SWIFT_VERSION = 5.0;
				TARGETED_DEVICE_FAMILY = "1,2";
			};
			name = Debug;
		};
		89C35F0828DA2701002D3805 /* Release */ = {
			isa = XCBuildConfiguration;
			buildSettings = {
				ASSETCATALOG_COMPILER_APPICON_NAME = AppIcon;
				ASSETCATALOG_COMPILER_GLOBAL_ACCENT_COLOR_NAME = AccentColor;
				CODE_SIGN_STYLE = Automatic;
				CURRENT_PROJECT_VERSION = 1;
				DEVELOPMENT_ASSET_PATHS = "\"People/Preview Content\"";
				ENABLE_PREVIEWS = YES;
				GENERATE_INFOPLIST_FILE = YES;
				INFOPLIST_FILE = People/Info.plist;
				INFOPLIST_KEY_UIApplicationSceneManifest_Generation = YES;
				INFOPLIST_KEY_UIApplicationSupportsIndirectInputEvents = YES;
				INFOPLIST_KEY_UISupportedInterfaceOrientations_iPad = "UIInterfaceOrientationPortrait UIInterfaceOrientationPortraitUpsideDown UIInterfaceOrientationLandscapeLeft UIInterfaceOrientationLandscapeRight";
				INFOPLIST_KEY_UISupportedInterfaceOrientations_iPhone = "UIInterfaceOrientationPortrait UIInterfaceOrientationLandscapeLeft UIInterfaceOrientationLandscapeRight";
				LD_RUNPATH_SEARCH_PATHS = (
					"$(inherited)",
					"@executable_path/Frameworks",
				);
				MARKETING_VERSION = 1.0;
				PRODUCT_BUNDLE_IDENTIFIER = mbayi.People;
				PRODUCT_NAME = "$(TARGET_NAME)";
				SWIFT_EMIT_LOC_STRINGS = YES;
				SWIFT_VERSION = 5.0;
				TARGETED_DEVICE_FAMILY = "1,2";
			};
			name = Release;
		};
/* End XCBuildConfiguration section */

/* Begin XCConfigurationList section */
		89C35EF328DA26FF002D3805 /* Build configuration list for PBXProject "People" */ = {
			isa = XCConfigurationList;
			buildConfigurations = (
				89C35F0428DA2701002D3805 /* Debug */,
				89C35F0528DA2701002D3805 /* Release */,
			);
			defaultConfigurationIsVisible = 0;
			defaultConfigurationName = Release;
		};
		89C35F0628DA2701002D3805 /* Build configuration list for PBXNativeTarget "People" */ = {
			isa = XCConfigurationList;
			buildConfigurations = (
				89C35F0728DA2701002D3805 /* Debug */,
				89C35F0828DA2701002D3805 /* Release */,
			);
			defaultConfigurationIsVisible = 0;
			defaultConfigurationName = Release;
		};
/* End XCConfigurationList section */
	};
	rootObject = 89C35EF028DA26FF002D3805 /* Project object */;
}
